
Microsoft Visual Studio Solution File, Format Version 12.00
# Visual Studio Version 16
VisualStudioVersion = 16.0.30804.86
MinimumVisualStudioVersion = 10.0.40219.1
Project("{9A19103F-16F7-4668-BE54-9A1E7A4F7556}") = "ComparingORM.API", "ComparingORM.API\ComparingORM.API.csproj", "{C0CB60C6-DF6F-424B-AC41-13E130FA8F2E}"
EndProject
Project("{9A19103F-16F7-4668-BE54-9A1E7A4F7556}") = "ComparingORM.Core", "ComparingORM.Core\ComparingORM.Core.csproj", "{D75B6C67-22DF-4561-B504-950869157DBC}"
EndProject
Project("{9A19103F-16F7-4668-BE54-9A1E7A4F7556}") = "ComparingORM.Infrastructure", "ComparingORM.Infrastructure\ComparingORM.Infrastructure.csproj", "{80AE9D8C-E6D1-42AD-BF57-003D985666F0}"
EndProject
Global
	GlobalSection(SolutionConfigurationPlatforms) = preSolution
		Debug|Any CPU = Debug|Any CPU
		Release|Any CPU = Release|Any CPU
	EndGlobalSection
	GlobalSection(ProjectConfigurationPlatforms) = postSolution
		{C0CB60C6-DF6F-424B-AC41-13E130FA8F2E}.Debug|Any CPU.ActiveCfg = Debug|Any CPU
		{C0CB60C6-DF6F-424B-AC41-13E130FA8F2E}.Debug|Any CPU.Build.0 = Debug|Any CPU
		{C0CB60C6-DF6F-424B-AC41-13E130FA8F2E}.Release|Any CPU.ActiveCfg = Release|Any CPU
		{C0CB60C6-DF6F-424B-AC41-13E130FA8F2E}.Release|Any CPU.Build.0 = Release|Any CPU
		{D75B6C67-22DF-4561-B504-950869157DBC}.Debug|Any CPU.ActiveCfg = Debug|Any CPU
		{D75B6C67-22DF-4561-B504-950869157DBC}.Debug|Any CPU.Build.0 = Debug|Any CPU
		{D75B6C67-22DF-4561-B504-950869157DBC}.Release|Any CPU.ActiveCfg = Release|Any CPU
		{D75B6C67-22DF-4561-B504-950869157DBC}.Release|Any CPU.Build.0 = Release|Any CPU
		{80AE9D8C-E6D1-42AD-BF57-003D985666F0}.Debug|Any CPU.ActiveCfg = Debug|Any CPU
		{80AE9D8C-E6D1-42AD-BF57-003D985666F0}.Debug|Any CPU.Build.0 = Debug|Any CPU
		{80AE9D8C-E6D1-42AD-BF57-003D985666F0}.Release|Any CPU.ActiveCfg = Release|Any CPU
		{80AE9D8C-E6D1-42AD-BF57-003D985666F0}.Release|Any CPU.Build.0 = Release|Any CPU
	EndGlobalSection
	GlobalSection(SolutionProperties) = preSolution
		HideSolutionNode = FALSE
	EndGlobalSection
	GlobalSection(ExtensibilityGlobals) = postSolution
		SolutionGuid = {D1BE1BEF-7618-4677-B149-11EFC15E5E5E}
	EndGlobalSection
EndGlobal
